// !$*UTF8*$!
{
	archiveVersion = 1;
	classes = {
	};
	objectVersion = 56;
	objects = {

/* Begin PBXBuildFile section */
		0311F94B2951D83D000A30C5 /* ListOfOffersTableViewCell.swift in Sources */ = {isa = PBXBuildFile; fileRef = 0311F94A2951D83D000A30C5 /* ListOfOffersTableViewCell.swift */; };
		0311F94D2951D848000A30C5 /* LatestDealTableViewCell.swift in Sources */ = {isa = PBXBuildFile; fileRef = 0311F94C2951D848000A30C5 /* LatestDealTableViewCell.swift */; };
		0311F94F2951D862000A30C5 /* ListOfOffersTableViewCellScreen.swift in Sources */ = {isa = PBXBuildFile; fileRef = 0311F94E2951D862000A30C5 /* ListOfOffersTableViewCellScreen.swift */; };
		0311F9512951E4A9000A30C5 /* UIViewController+Extension.swift in Sources */ = {isa = PBXBuildFile; fileRef = 0311F9502951E4A9000A30C5 /* UIViewController+Extension.swift */; };
		0311F9552951F838000A30C5 /* UIView+Extension.swift in Sources */ = {isa = PBXBuildFile; fileRef = 0311F9542951F838000A30C5 /* UIView+Extension.swift */; };
		0311F9572951F87D000A30C5 /* CACornerMask+Extension.swift in Sources */ = {isa = PBXBuildFile; fileRef = 0311F9562951F87D000A30C5 /* CACornerMask+Extension.swift */; };
		033F7125294124A900FAC046 /* AddNewNFTVC.swift in Sources */ = {isa = PBXBuildFile; fileRef = 033F7124294124A900FAC046 /* AddNewNFTVC.swift */; };
		033F714B294124C400FAC046 /* homeData.json in Resources */ = {isa = PBXBuildFile; fileRef = 033F7127294124C300FAC046 /* homeData.json */; };
		033F714D294124C400FAC046 /* NFTHomeData.swift in Sources */ = {isa = PBXBuildFile; fileRef = 033F712A294124C300FAC046 /* NFTHomeData.swift */; };
		033F714F294124C400FAC046 /* TabBarVC.swift in Sources */ = {isa = PBXBuildFile; fileRef = 033F712D294124C300FAC046 /* TabBarVC.swift */; };
		033F7150294124C400FAC046 /* HomeCollectionViewCell.swift in Sources */ = {isa = PBXBuildFile; fileRef = 033F7130294124C400FAC046 /* HomeCollectionViewCell.swift */; };
		033F7151294124C400FAC046 /* HomeCollectionViewCellScreen.swift in Sources */ = {isa = PBXBuildFile; fileRef = 033F7132294124C400FAC046 /* HomeCollectionViewCellScreen.swift */; };
		033F7152294124C400FAC046 /* HomeTableViewCell.swift in Sources */ = {isa = PBXBuildFile; fileRef = 033F7134294124C400FAC046 /* HomeTableViewCell.swift */; };
		033F7153294124C400FAC046 /* HomeTableViewCellScreen.swift in Sources */ = {isa = PBXBuildFile; fileRef = 033F7136294124C400FAC046 /* HomeTableViewCellScreen.swift */; };
		033F7154294124C400FAC046 /* WalletVC.swift in Sources */ = {isa = PBXBuildFile; fileRef = 033F7139294124C400FAC046 /* WalletVC.swift */; };
		033F7155294124C400FAC046 /* ProfileVC.swift in Sources */ = {isa = PBXBuildFile; fileRef = 033F713C294124C400FAC046 /* ProfileVC.swift */; };
		033F7156294124C400FAC046 /* Assets.xcassets in Resources */ = {isa = PBXBuildFile; fileRef = 033F713D294124C400FAC046 /* Assets.xcassets */; };
		033F7157294124C400FAC046 /* GenericService.swift in Sources */ = {isa = PBXBuildFile; fileRef = 033F713F294124C400FAC046 /* GenericService.swift */; };
		033F7158294124C400FAC046 /* HomeService.swift in Sources */ = {isa = PBXBuildFile; fileRef = 033F7140294124C400FAC046 /* HomeService.swift */; };
		033F7159294124C400FAC046 /* HomeViewModel.swift in Sources */ = {isa = PBXBuildFile; fileRef = 033F7143294124C400FAC046 /* HomeViewModel.swift */; };
		033F715A294124C400FAC046 /* HomeVC.swift in Sources */ = {isa = PBXBuildFile; fileRef = 033F7145294124C400FAC046 /* HomeVC.swift */; };
		033F715B294124C400FAC046 /* HomeScreen.swift in Sources */ = {isa = PBXBuildFile; fileRef = 033F7147294124C400FAC046 /* HomeScreen.swift */; };
		033F715D294124C400FAC046 /* String+Extension.swift in Sources */ = {isa = PBXBuildFile; fileRef = 033F714A294124C400FAC046 /* String+Extension.swift */; };
		038FA6EE29534F3C0027FF34 /* WalletData.swift in Sources */ = {isa = PBXBuildFile; fileRef = 038FA6ED29534F3C0027FF34 /* WalletData.swift */; };
		038FA6F0295350650027FF34 /* WalletService.swift in Sources */ = {isa = PBXBuildFile; fileRef = 038FA6EF295350650027FF34 /* WalletService.swift */; };
		038FA6F2295351470027FF34 /* walletData.json in Resources */ = {isa = PBXBuildFile; fileRef = 038FA6F1295351460027FF34 /* walletData.json */; };
		038FA6F4295351F70027FF34 /* WalletViewModel.swift in Sources */ = {isa = PBXBuildFile; fileRef = 038FA6F3295351F70027FF34 /* WalletViewModel.swift */; };
		038FA6F6295359E40027FF34 /* WalletScreen.swift in Sources */ = {isa = PBXBuildFile; fileRef = 038FA6F5295359E40027FF34 /* WalletScreen.swift */; };
		038FA6FB29536E470027FF34 /* QuotationEthTableViewCellScreen.swift in Sources */ = {isa = PBXBuildFile; fileRef = 038FA6FA29536E470027FF34 /* QuotationEthTableViewCellScreen.swift */; };
		038FA6FD29536F090027FF34 /* QuotationEthTableViewCell.swift in Sources */ = {isa = PBXBuildFile; fileRef = 038FA6FC29536F090027FF34 /* QuotationEthTableViewCell.swift */; };
		038FA70429539A7F0027FF34 /* LatestTransactionsTableViewCell.swift in Sources */ = {isa = PBXBuildFile; fileRef = 038FA70329539A7F0027FF34 /* LatestTransactionsTableViewCell.swift */; };
		038FA70629539AA10027FF34 /* ListOfTransactionsTableViewCell.swift in Sources */ = {isa = PBXBuildFile; fileRef = 038FA70529539AA10027FF34 /* ListOfTransactionsTableViewCell.swift */; };
		038FA70829539AE00027FF34 /* LatestTransactionsTableViewCellScreen.swift in Sources */ = {isa = PBXBuildFile; fileRef = 038FA70729539AE00027FF34 /* LatestTransactionsTableViewCellScreen.swift */; };
		038FA70A29539D4F0027FF34 /* ListOfTransactionsTableViewCellScreen.swift in Sources */ = {isa = PBXBuildFile; fileRef = 038FA70929539D4F0027FF34 /* ListOfTransactionsTableViewCellScreen.swift */; };
		343B9D9D28D3A07C00956373 /* AppDelegate.swift in Sources */ = {isa = PBXBuildFile; fileRef = 343B9D9C28D3A07C00956373 /* AppDelegate.swift */; };
		343B9D9F28D3A07C00956373 /* SceneDelegate.swift in Sources */ = {isa = PBXBuildFile; fileRef = 343B9D9E28D3A07C00956373 /* SceneDelegate.swift */; };
		343B9DA128D3A07C00956373 /* LoginVC.swift in Sources */ = {isa = PBXBuildFile; fileRef = 343B9DA028D3A07C00956373 /* LoginVC.swift */; };
		343B9DA928D3A07E00956373 /* LaunchScreen.storyboard in Resources */ = {isa = PBXBuildFile; fileRef = 343B9DA728D3A07E00956373 /* LaunchScreen.storyboard */; };
		343B9DB128D3A48A00956373 /* LoginScreen.swift in Sources */ = {isa = PBXBuildFile; fileRef = 343B9DB028D3A48A00956373 /* LoginScreen.swift */; };
		3F18C1C6293BD4FA00047FF1 /* GoogleService-Info.plist in Resources */ = {isa = PBXBuildFile; fileRef = 3F18C1C5293BD4FA00047FF1 /* GoogleService-Info.plist */; };
		3F18C1C9293CD72B00047FF1 /* Alert.swift in Sources */ = {isa = PBXBuildFile; fileRef = 3F18C1C8293CD72B00047FF1 /* Alert.swift */; };
		3F18C2282942210100047FF1 /* NftDetailsVC.swift in Sources */ = {isa = PBXBuildFile; fileRef = 3F18C2272942210100047FF1 /* NftDetailsVC.swift */; };
		3F18C22B2942213200047FF1 /* NftDetailsViewModel.swift in Sources */ = {isa = PBXBuildFile; fileRef = 3F18C22A2942213200047FF1 /* NftDetailsViewModel.swift */; };
		3F18C22E2942215000047FF1 /* NftDetailsScreen.swift in Sources */ = {isa = PBXBuildFile; fileRef = 3F18C22D2942215000047FF1 /* NftDetailsScreen.swift */; };
		3F18C23429423F1800047FF1 /* NftImageCell.swift in Sources */ = {isa = PBXBuildFile; fileRef = 3F18C23329423F1800047FF1 /* NftImageCell.swift */; };
		3F18C23629423F5500047FF1 /* NftImageCellScreen.swift in Sources */ = {isa = PBXBuildFile; fileRef = 3F18C23529423F5500047FF1 /* NftImageCellScreen.swift */; };
		3F18C23A29437C2D00047FF1 /* DescriptionCellScreen.swift in Sources */ = {isa = PBXBuildFile; fileRef = 3F18C23929437C2D00047FF1 /* DescriptionCellScreen.swift */; };
		3F18C23C2944497B00047FF1 /* DescriptionTableViewCell.swift in Sources */ = {isa = PBXBuildFile; fileRef = 3F18C23B2944497B00047FF1 /* DescriptionTableViewCell.swift */; };
		3F18C2402945084500047FF1 /* LatestDealsScreen.swift in Sources */ = {isa = PBXBuildFile; fileRef = 3F18C23F2945084500047FF1 /* LatestDealsScreen.swift */; };
		3F3ACD0B294E5A4D00DDE405 /* MagnifyingGlassScreen.swift in Sources */ = {isa = PBXBuildFile; fileRef = 3F3ACD0A294E5A4D00DDE405 /* MagnifyingGlassScreen.swift */; };
		3F3ACD0E294E5CAA00DDE405 /* MagnifyingGlassVC.swift in Sources */ = {isa = PBXBuildFile; fileRef = 3F3ACD0D294E5CAA00DDE405 /* MagnifyingGlassVC.swift */; };
		BD25D88990F7828E54D824E8 /* Pods_AppBackFront.framework in Frameworks */ = {isa = PBXBuildFile; fileRef = 196F39053075F899B44F93C6 /* Pods_AppBackFront.framework */; };
/* End PBXBuildFile section */

/* Begin PBXFileReference section */
		0311F94A2951D83D000A30C5 /* ListOfOffersTableViewCell.swift */ = {isa = PBXFileReference; fileEncoding = 4; lastKnownFileType = sourcecode.swift; path = ListOfOffersTableViewCell.swift; sourceTree = "<group>"; };
		0311F94C2951D848000A30C5 /* LatestDealTableViewCell.swift */ = {isa = PBXFileReference; fileEncoding = 4; lastKnownFileType = sourcecode.swift; path = LatestDealTableViewCell.swift; sourceTree = "<group>"; };
		0311F94E2951D862000A30C5 /* ListOfOffersTableViewCellScreen.swift */ = {isa = PBXFileReference; fileEncoding = 4; lastKnownFileType = sourcecode.swift; path = ListOfOffersTableViewCellScreen.swift; sourceTree = "<group>"; };
		0311F9502951E4A9000A30C5 /* UIViewController+Extension.swift */ = {isa = PBXFileReference; lastKnownFileType = sourcecode.swift; path = "UIViewController+Extension.swift"; sourceTree = "<group>"; };
		0311F9542951F838000A30C5 /* UIView+Extension.swift */ = {isa = PBXFileReference; lastKnownFileType = sourcecode.swift; path = "UIView+Extension.swift"; sourceTree = "<group>"; };
		0311F9562951F87D000A30C5 /* CACornerMask+Extension.swift */ = {isa = PBXFileReference; lastKnownFileType = sourcecode.swift; path = "CACornerMask+Extension.swift"; sourceTree = "<group>"; };
		033F7124294124A900FAC046 /* AddNewNFTVC.swift */ = {isa = PBXFileReference; fileEncoding = 4; lastKnownFileType = sourcecode.swift; path = AddNewNFTVC.swift; sourceTree = "<group>"; };
		033F7127294124C300FAC046 /* homeData.json */ = {isa = PBXFileReference; fileEncoding = 4; lastKnownFileType = text.json; path = homeData.json; sourceTree = "<group>"; };
		033F712A294124C300FAC046 /* NFTHomeData.swift */ = {isa = PBXFileReference; fileEncoding = 4; lastKnownFileType = sourcecode.swift; path = NFTHomeData.swift; sourceTree = "<group>"; };
		033F712D294124C300FAC046 /* TabBarVC.swift */ = {isa = PBXFileReference; fileEncoding = 4; lastKnownFileType = sourcecode.swift; path = TabBarVC.swift; sourceTree = "<group>"; };
		033F7130294124C400FAC046 /* HomeCollectionViewCell.swift */ = {isa = PBXFileReference; fileEncoding = 4; lastKnownFileType = sourcecode.swift; path = HomeCollectionViewCell.swift; sourceTree = "<group>"; };
		033F7132294124C400FAC046 /* HomeCollectionViewCellScreen.swift */ = {isa = PBXFileReference; fileEncoding = 4; lastKnownFileType = sourcecode.swift; path = HomeCollectionViewCellScreen.swift; sourceTree = "<group>"; };
		033F7134294124C400FAC046 /* HomeTableViewCell.swift */ = {isa = PBXFileReference; fileEncoding = 4; lastKnownFileType = sourcecode.swift; path = HomeTableViewCell.swift; sourceTree = "<group>"; };
		033F7136294124C400FAC046 /* HomeTableViewCellScreen.swift */ = {isa = PBXFileReference; fileEncoding = 4; lastKnownFileType = sourcecode.swift; path = HomeTableViewCellScreen.swift; sourceTree = "<group>"; };
		033F7139294124C400FAC046 /* WalletVC.swift */ = {isa = PBXFileReference; fileEncoding = 4; lastKnownFileType = sourcecode.swift; path = WalletVC.swift; sourceTree = "<group>"; };
		033F713C294124C400FAC046 /* ProfileVC.swift */ = {isa = PBXFileReference; fileEncoding = 4; lastKnownFileType = sourcecode.swift; path = ProfileVC.swift; sourceTree = "<group>"; };
		033F713D294124C400FAC046 /* Assets.xcassets */ = {isa = PBXFileReference; lastKnownFileType = folder.assetcatalog; path = Assets.xcassets; sourceTree = "<group>"; };
		033F713F294124C400FAC046 /* GenericService.swift */ = {isa = PBXFileReference; fileEncoding = 4; lastKnownFileType = sourcecode.swift; path = GenericService.swift; sourceTree = "<group>"; };
		033F7140294124C400FAC046 /* HomeService.swift */ = {isa = PBXFileReference; fileEncoding = 4; lastKnownFileType = sourcecode.swift; path = HomeService.swift; sourceTree = "<group>"; };
		033F7143294124C400FAC046 /* HomeViewModel.swift */ = {isa = PBXFileReference; fileEncoding = 4; lastKnownFileType = sourcecode.swift; path = HomeViewModel.swift; sourceTree = "<group>"; };
		033F7145294124C400FAC046 /* HomeVC.swift */ = {isa = PBXFileReference; fileEncoding = 4; lastKnownFileType = sourcecode.swift; path = HomeVC.swift; sourceTree = "<group>"; };
		033F7147294124C400FAC046 /* HomeScreen.swift */ = {isa = PBXFileReference; fileEncoding = 4; lastKnownFileType = sourcecode.swift; path = HomeScreen.swift; sourceTree = "<group>"; };
		033F714A294124C400FAC046 /* String+Extension.swift */ = {isa = PBXFileReference; fileEncoding = 4; lastKnownFileType = sourcecode.swift; path = "String+Extension.swift"; sourceTree = "<group>"; };
		038FA6ED29534F3C0027FF34 /* WalletData.swift */ = {isa = PBXFileReference; lastKnownFileType = sourcecode.swift; path = WalletData.swift; sourceTree = "<group>"; };
		038FA6EF295350650027FF34 /* WalletService.swift */ = {isa = PBXFileReference; lastKnownFileType = sourcecode.swift; path = WalletService.swift; sourceTree = "<group>"; };
		038FA6F1295351460027FF34 /* walletData.json */ = {isa = PBXFileReference; lastKnownFileType = text.json; path = walletData.json; sourceTree = "<group>"; };
		038FA6F3295351F70027FF34 /* WalletViewModel.swift */ = {isa = PBXFileReference; lastKnownFileType = sourcecode.swift; path = WalletViewModel.swift; sourceTree = "<group>"; };
		038FA6F5295359E40027FF34 /* WalletScreen.swift */ = {isa = PBXFileReference; lastKnownFileType = sourcecode.swift; path = WalletScreen.swift; sourceTree = "<group>"; };
		038FA6FA29536E470027FF34 /* QuotationEthTableViewCellScreen.swift */ = {isa = PBXFileReference; lastKnownFileType = sourcecode.swift; path = QuotationEthTableViewCellScreen.swift; sourceTree = "<group>"; };
		038FA6FC29536F090027FF34 /* QuotationEthTableViewCell.swift */ = {isa = PBXFileReference; lastKnownFileType = sourcecode.swift; path = QuotationEthTableViewCell.swift; sourceTree = "<group>"; };
		038FA70329539A7F0027FF34 /* LatestTransactionsTableViewCell.swift */ = {isa = PBXFileReference; lastKnownFileType = sourcecode.swift; path = LatestTransactionsTableViewCell.swift; sourceTree = "<group>"; };
		038FA70529539AA10027FF34 /* ListOfTransactionsTableViewCell.swift */ = {isa = PBXFileReference; lastKnownFileType = sourcecode.swift; path = ListOfTransactionsTableViewCell.swift; sourceTree = "<group>"; };
		038FA70729539AE00027FF34 /* LatestTransactionsTableViewCellScreen.swift */ = {isa = PBXFileReference; lastKnownFileType = sourcecode.swift; path = LatestTransactionsTableViewCellScreen.swift; sourceTree = "<group>"; };
		038FA70929539D4F0027FF34 /* ListOfTransactionsTableViewCellScreen.swift */ = {isa = PBXFileReference; lastKnownFileType = sourcecode.swift; path = ListOfTransactionsTableViewCellScreen.swift; sourceTree = "<group>"; };
		196F39053075F899B44F93C6 /* Pods_AppBackFront.framework */ = {isa = PBXFileReference; explicitFileType = wrapper.framework; includeInIndex = 0; path = Pods_AppBackFront.framework; sourceTree = BUILT_PRODUCTS_DIR; };
		343B9D9928D3A07C00956373 /* AppBackFront.app */ = {isa = PBXFileReference; explicitFileType = wrapper.application; includeInIndex = 0; path = AppBackFront.app; sourceTree = BUILT_PRODUCTS_DIR; };
		343B9D9C28D3A07C00956373 /* AppDelegate.swift */ = {isa = PBXFileReference; lastKnownFileType = sourcecode.swift; path = AppDelegate.swift; sourceTree = "<group>"; };
		343B9D9E28D3A07C00956373 /* SceneDelegate.swift */ = {isa = PBXFileReference; lastKnownFileType = sourcecode.swift; path = SceneDelegate.swift; sourceTree = "<group>"; };
		343B9DA028D3A07C00956373 /* LoginVC.swift */ = {isa = PBXFileReference; lastKnownFileType = sourcecode.swift; path = LoginVC.swift; sourceTree = "<group>"; };
		343B9DA828D3A07E00956373 /* Base */ = {isa = PBXFileReference; lastKnownFileType = file.storyboard; name = Base; path = Base.lproj/LaunchScreen.storyboard; sourceTree = "<group>"; };
		343B9DAA28D3A07E00956373 /* Info.plist */ = {isa = PBXFileReference; lastKnownFileType = text.plist.xml; path = Info.plist; sourceTree = "<group>"; };
		343B9DB028D3A48A00956373 /* LoginScreen.swift */ = {isa = PBXFileReference; lastKnownFileType = sourcecode.swift; path = LoginScreen.swift; sourceTree = "<group>"; };
		3F18C1C5293BD4FA00047FF1 /* GoogleService-Info.plist */ = {isa = PBXFileReference; fileEncoding = 4; lastKnownFileType = text.plist.xml; path = "GoogleService-Info.plist"; sourceTree = "<group>"; };
		3F18C1C8293CD72B00047FF1 /* Alert.swift */ = {isa = PBXFileReference; lastKnownFileType = sourcecode.swift; path = Alert.swift; sourceTree = "<group>"; };
		3F18C2272942210100047FF1 /* NftDetailsVC.swift */ = {isa = PBXFileReference; lastKnownFileType = sourcecode.swift; path = NftDetailsVC.swift; sourceTree = "<group>"; };
		3F18C22A2942213200047FF1 /* NftDetailsViewModel.swift */ = {isa = PBXFileReference; lastKnownFileType = sourcecode.swift; path = NftDetailsViewModel.swift; sourceTree = "<group>"; };
		3F18C22D2942215000047FF1 /* NftDetailsScreen.swift */ = {isa = PBXFileReference; lastKnownFileType = sourcecode.swift; path = NftDetailsScreen.swift; sourceTree = "<group>"; };
		3F18C23329423F1800047FF1 /* NftImageCell.swift */ = {isa = PBXFileReference; lastKnownFileType = sourcecode.swift; path = NftImageCell.swift; sourceTree = "<group>"; };
		3F18C23529423F5500047FF1 /* NftImageCellScreen.swift */ = {isa = PBXFileReference; lastKnownFileType = sourcecode.swift; path = NftImageCellScreen.swift; sourceTree = "<group>"; };
		3F18C23929437C2D00047FF1 /* DescriptionCellScreen.swift */ = {isa = PBXFileReference; lastKnownFileType = sourcecode.swift; path = DescriptionCellScreen.swift; sourceTree = "<group>"; };
		3F18C23B2944497B00047FF1 /* DescriptionTableViewCell.swift */ = {isa = PBXFileReference; lastKnownFileType = sourcecode.swift; path = DescriptionTableViewCell.swift; sourceTree = "<group>"; };
		3F18C23F2945084500047FF1 /* LatestDealsScreen.swift */ = {isa = PBXFileReference; lastKnownFileType = sourcecode.swift; path = LatestDealsScreen.swift; sourceTree = "<group>"; };
		3F3ACD0A294E5A4D00DDE405 /* MagnifyingGlassScreen.swift */ = {isa = PBXFileReference; lastKnownFileType = sourcecode.swift; path = MagnifyingGlassScreen.swift; sourceTree = "<group>"; };
		3F3ACD0D294E5CAA00DDE405 /* MagnifyingGlassVC.swift */ = {isa = PBXFileReference; lastKnownFileType = sourcecode.swift; path = MagnifyingGlassVC.swift; sourceTree = "<group>"; };
		955D46207F36A7BF3BF11B9D /* Pods-AppBackFront.release.xcconfig */ = {isa = PBXFileReference; includeInIndex = 1; lastKnownFileType = text.xcconfig; name = "Pods-AppBackFront.release.xcconfig"; path = "Target Support Files/Pods-AppBackFront/Pods-AppBackFront.release.xcconfig"; sourceTree = "<group>"; };
		D978E33D6189D8D932ED539F /* Pods-AppBackFront.debug.xcconfig */ = {isa = PBXFileReference; includeInIndex = 1; lastKnownFileType = text.xcconfig; name = "Pods-AppBackFront.debug.xcconfig"; path = "Target Support Files/Pods-AppBackFront/Pods-AppBackFront.debug.xcconfig"; sourceTree = "<group>"; };
/* End PBXFileReference section */

/* Begin PBXFrameworksBuildPhase section */
		343B9D9628D3A07C00956373 /* Frameworks */ = {
			isa = PBXFrameworksBuildPhase;
			buildActionMask = 2147483647;
			files = (
				BD25D88990F7828E54D824E8 /* Pods_AppBackFront.framework in Frameworks */,
			);
			runOnlyForDeploymentPostprocessing = 0;
		};
/* End PBXFrameworksBuildPhase section */

/* Begin PBXGroup section */
		0311F9522951F0F5000A30C5 /* ListOfOffersTableViewCell */ = {
			isa = PBXGroup;
			children = (
				0311F9532951F100000A30C5 /* Screen */,
				0311F94A2951D83D000A30C5 /* ListOfOffersTableViewCell.swift */,
			);
			name = ListOfOffersTableViewCell;
			sourceTree = "<group>";
		};
		0311F9532951F100000A30C5 /* Screen */ = {
			isa = PBXGroup;
			children = (
				0311F94E2951D862000A30C5 /* ListOfOffersTableViewCellScreen.swift */,
			);
			name = Screen;
			sourceTree = "<group>";
		};
		033F7122294124A900FAC046 /* AddNewNFT */ = {
			isa = PBXGroup;
			children = (
				033F7123294124A900FAC046 /* AddNewNFTVC */,
			);
			path = AddNewNFT;
			sourceTree = "<group>";
		};
		033F7123294124A900FAC046 /* AddNewNFTVC */ = {
			isa = PBXGroup;
			children = (
				033F7124294124A900FAC046 /* AddNewNFTVC.swift */,
			);
			path = AddNewNFTVC;
			sourceTree = "<group>";
		};
		033F7126294124C300FAC046 /* Json */ = {
			isa = PBXGroup;
			children = (
				033F7127294124C300FAC046 /* homeData.json */,
				038FA6F1295351460027FF34 /* walletData.json */,
			);
			path = Json;
			sourceTree = "<group>";
		};
		033F7128294124C300FAC046 /* Model */ = {
			isa = PBXGroup;
			children = (
				033F712A294124C300FAC046 /* NFTHomeData.swift */,
				038FA6ED29534F3C0027FF34 /* WalletData.swift */,
			);
			path = Model;
			sourceTree = "<group>";
		};
		033F712C294124C300FAC046 /* TabBarController */ = {
			isa = PBXGroup;
			children = (
				033F712D294124C300FAC046 /* TabBarVC.swift */,
			);
			path = TabBarController;
			sourceTree = "<group>";
		};
		033F712E294124C400FAC046 /* CellsHome */ = {
			isa = PBXGroup;
			children = (
				033F712F294124C400FAC046 /* CollectionViewCell */,
				033F7133294124C400FAC046 /* TableViewCell */,
			);
			path = CellsHome;
			sourceTree = "<group>";
		};
		033F712F294124C400FAC046 /* CollectionViewCell */ = {
			isa = PBXGroup;
			children = (
				033F7131294124C400FAC046 /* Screen */,
				033F7130294124C400FAC046 /* HomeCollectionViewCell.swift */,
			);
			path = CollectionViewCell;
			sourceTree = "<group>";
		};
		033F7131294124C400FAC046 /* Screen */ = {
			isa = PBXGroup;
			children = (
				033F7132294124C400FAC046 /* HomeCollectionViewCellScreen.swift */,
			);
			path = Screen;
			sourceTree = "<group>";
		};
		033F7133294124C400FAC046 /* TableViewCell */ = {
			isa = PBXGroup;
			children = (
				033F7135294124C400FAC046 /* Screen */,
				033F7134294124C400FAC046 /* HomeTableViewCell.swift */,
			);
			path = TableViewCell;
			sourceTree = "<group>";
		};
		033F7135294124C400FAC046 /* Screen */ = {
			isa = PBXGroup;
			children = (
				033F7136294124C400FAC046 /* HomeTableViewCellScreen.swift */,
			);
			path = Screen;
			sourceTree = "<group>";
		};
		033F7137294124C400FAC046 /* Wallet */ = {
			isa = PBXGroup;
			children = (
				038FA6EC29533FF00027FF34 /* ViewModel */,
				033F7138294124C400FAC046 /* VC */,
				038FA6EB29533FCC0027FF34 /* Screen */,
			);
			path = Wallet;
			sourceTree = "<group>";
		};
		033F7138294124C400FAC046 /* VC */ = {
			isa = PBXGroup;
			children = (
				033F7139294124C400FAC046 /* WalletVC.swift */,
			);
			path = VC;
			sourceTree = "<group>";
		};
		033F713A294124C400FAC046 /* Profile */ = {
			isa = PBXGroup;
			children = (
				033F713B294124C400FAC046 /* ProfileVC */,
			);
			path = Profile;
			sourceTree = "<group>";
		};
		033F713B294124C400FAC046 /* ProfileVC */ = {
			isa = PBXGroup;
			children = (
				033F713C294124C400FAC046 /* ProfileVC.swift */,
			);
			path = ProfileVC;
			sourceTree = "<group>";
		};
		033F713E294124C400FAC046 /* Service */ = {
			isa = PBXGroup;
			children = (
				033F713F294124C400FAC046 /* GenericService.swift */,
				033F7140294124C400FAC046 /* HomeService.swift */,
				038FA6EF295350650027FF34 /* WalletService.swift */,
			);
			path = Service;
			sourceTree = "<group>";
		};
		033F7141294124C400FAC046 /* Home */ = {
			isa = PBXGroup;
			children = (
				033F7142294124C400FAC046 /* ViewModel */,
				033F7144294124C400FAC046 /* VC */,
				033F7146294124C400FAC046 /* Screen */,
			);
			path = Home;
			sourceTree = "<group>";
		};
		033F7142294124C400FAC046 /* ViewModel */ = {
			isa = PBXGroup;
			children = (
				033F7143294124C400FAC046 /* HomeViewModel.swift */,
			);
			path = ViewModel;
			sourceTree = "<group>";
		};
		033F7144294124C400FAC046 /* VC */ = {
			isa = PBXGroup;
			children = (
				033F7145294124C400FAC046 /* HomeVC.swift */,
			);
			path = VC;
			sourceTree = "<group>";
		};
		033F7146294124C400FAC046 /* Screen */ = {
			isa = PBXGroup;
			children = (
				033F7147294124C400FAC046 /* HomeScreen.swift */,
			);
			path = Screen;
			sourceTree = "<group>";
		};
		033F7149294124C400FAC046 /* Extension */ = {
			isa = PBXGroup;
			children = (
				033F714A294124C400FAC046 /* String+Extension.swift */,
				0311F9502951E4A9000A30C5 /* UIViewController+Extension.swift */,
				0311F9542951F838000A30C5 /* UIView+Extension.swift */,
				0311F9562951F87D000A30C5 /* CACornerMask+Extension.swift */,
			);
			path = Extension;
			sourceTree = "<group>";
		};
		038FA6EA29522D510027FF34 /* LatestDealCell */ = {
			isa = PBXGroup;
			children = (
				0311F9522951F0F5000A30C5 /* ListOfOffersTableViewCell */,
				3F18C23D2945073100047FF1 /* LatestDealsTableViewCel */,
			);
			name = LatestDealCell;
			sourceTree = "<group>";
		};
		038FA6EB29533FCC0027FF34 /* Screen */ = {
			isa = PBXGroup;
			children = (
				038FA6F5295359E40027FF34 /* WalletScreen.swift */,
			);
			path = Screen;
			sourceTree = "<group>";
		};
		038FA6EC29533FF00027FF34 /* ViewModel */ = {
			isa = PBXGroup;
			children = (
				038FA6F3295351F70027FF34 /* WalletViewModel.swift */,
			);
			path = ViewModel;
			sourceTree = "<group>";
		};
		038FA6F729536CED0027FF34 /* CellsWallet */ = {
			isa = PBXGroup;
			children = (
				038FA6FE295399840027FF34 /* LatestTransactionsCell */,
				038FA6F829536DBF0027FF34 /* QuotationETHCell */,
			);
			path = CellsWallet;
			sourceTree = "<group>";
		};
		038FA6F829536DBF0027FF34 /* QuotationETHCell */ = {
			isa = PBXGroup;
			children = (
				038FA6F929536DFA0027FF34 /* Screen */,
				038FA6FC29536F090027FF34 /* QuotationEthTableViewCell.swift */,
			);
			path = QuotationETHCell;
			sourceTree = "<group>";
		};
		038FA6F929536DFA0027FF34 /* Screen */ = {
			isa = PBXGroup;
			children = (
				038FA6FA29536E470027FF34 /* QuotationEthTableViewCellScreen.swift */,
			);
			path = Screen;
			sourceTree = "<group>";
		};
		038FA6FE295399840027FF34 /* LatestTransactionsCell */ = {
			isa = PBXGroup;
			children = (
				038FA70029539A500027FF34 /* ListOfTransactionsTableViewCell */,
				038FA6FF29539A030027FF34 /* LatestTransactionsTableViewCell */,
			);
			path = LatestTransactionsCell;
			sourceTree = "<group>";
		};
		038FA6FF29539A030027FF34 /* LatestTransactionsTableViewCell */ = {
			isa = PBXGroup;
			children = (
				038FA70129539A570027FF34 /* Screen */,
				038FA70329539A7F0027FF34 /* LatestTransactionsTableViewCell.swift */,
			);
			path = LatestTransactionsTableViewCell;
			sourceTree = "<group>";
		};
		038FA70029539A500027FF34 /* ListOfTransactionsTableViewCell */ = {
			isa = PBXGroup;
			children = (
				038FA70229539A5E0027FF34 /* Screen */,
				038FA70529539AA10027FF34 /* ListOfTransactionsTableViewCell.swift */,
			);
			path = ListOfTransactionsTableViewCell;
			sourceTree = "<group>";
		};
		038FA70129539A570027FF34 /* Screen */ = {
			isa = PBXGroup;
			children = (
				038FA70729539AE00027FF34 /* LatestTransactionsTableViewCellScreen.swift */,
			);
			path = Screen;
			sourceTree = "<group>";
		};
		038FA70229539A5E0027FF34 /* Screen */ = {
			isa = PBXGroup;
			children = (
				038FA70929539D4F0027FF34 /* ListOfTransactionsTableViewCellScreen.swift */,
			);
			path = Screen;
			sourceTree = "<group>";
		};
		343B9D9028D3A07C00956373 = {
			isa = PBXGroup;
			children = (
				343B9D9B28D3A07C00956373 /* AppBackFront */,
				343B9D9A28D3A07C00956373 /* Products */,
				B2BF8648247392BAC385C1F4 /* Pods */,
				F5C8BBB44F20683C923D1BDC /* Frameworks */,
			);
			sourceTree = "<group>";
		};
		343B9D9A28D3A07C00956373 /* Products */ = {
			isa = PBXGroup;
			children = (
				343B9D9928D3A07C00956373 /* AppBackFront.app */,
			);
			name = Products;
			sourceTree = "<group>";
		};
		343B9D9B28D3A07C00956373 /* AppBackFront */ = {
			isa = PBXGroup;
			children = (
				033F713E294124C400FAC046 /* Service */,
				033F7149294124C400FAC046 /* Extension */,
				033F712C294124C300FAC046 /* TabBarController */,
				3F18C1C7293CD70500047FF1 /* Alert */,
				3F18C1C3293BD11F00047FF1 /* Login */,
				033F7141294124C400FAC046 /* Home */,
				033F712E294124C400FAC046 /* CellsHome */,
				3F18C226294220C500047FF1 /* NftDetails */,
				033F7137294124C400FAC046 /* Wallet */,
				038FA6F729536CED0027FF34 /* CellsWallet */,
				033F7122294124A900FAC046 /* AddNewNFT */,
				033F713A294124C400FAC046 /* Profile */,
				033F7128294124C300FAC046 /* Model */,
				033F7126294124C300FAC046 /* Json */,
				343B9D9C28D3A07C00956373 /* AppDelegate.swift */,
				343B9D9E28D3A07C00956373 /* SceneDelegate.swift */,
				033F713D294124C400FAC046 /* Assets.xcassets */,
				343B9DA728D3A07E00956373 /* LaunchScreen.storyboard */,
				343B9DAA28D3A07E00956373 /* Info.plist */,
				3F18C1C5293BD4FA00047FF1 /* GoogleService-Info.plist */,
			);
			path = AppBackFront;
			sourceTree = "<group>";
		};
		3F18C1C3293BD11F00047FF1 /* Login */ = {
			isa = PBXGroup;
			children = (
				3F18C1C4293BD13800047FF1 /* Screen */,
				343B9DA028D3A07C00956373 /* LoginVC.swift */,
			);
			path = Login;
			sourceTree = "<group>";
		};
		3F18C1C4293BD13800047FF1 /* Screen */ = {
			isa = PBXGroup;
			children = (
				343B9DB028D3A48A00956373 /* LoginScreen.swift */,
			);
			path = Screen;
			sourceTree = "<group>";
		};
		3F18C1C7293CD70500047FF1 /* Alert */ = {
			isa = PBXGroup;
			children = (
				3F18C1C8293CD72B00047FF1 /* Alert.swift */,
			);
			path = Alert;
			sourceTree = "<group>";
		};
		3F18C226294220C500047FF1 /* NftDetails */ = {
			isa = PBXGroup;
			children = (
				3F3ACD08294E599100DDE405 /* MagnifyingGlassVC */,
				3F18C23029423D4400047FF1 /* Cells */,
				3F18C2292942211300047FF1 /* NftDetailsViewModel */,
				3F18C22F294226DA00047FF1 /* VC */,
				3F18C22C2942213E00047FF1 /* Screen */,
			);
			path = NftDetails;
			sourceTree = "<group>";
		};
		3F18C2292942211300047FF1 /* NftDetailsViewModel */ = {
			isa = PBXGroup;
			children = (
				3F18C22A2942213200047FF1 /* NftDetailsViewModel.swift */,
			);
			name = NftDetailsViewModel;
			sourceTree = "<group>";
		};
		3F18C22C2942213E00047FF1 /* Screen */ = {
			isa = PBXGroup;
			children = (
				3F18C22D2942215000047FF1 /* NftDetailsScreen.swift */,
			);
			name = Screen;
			sourceTree = "<group>";
		};
		3F18C22F294226DA00047FF1 /* VC */ = {
			isa = PBXGroup;
			children = (
				3F18C2272942210100047FF1 /* NftDetailsVC.swift */,
			);
			name = VC;
			sourceTree = "<group>";
		};
		3F18C23029423D4400047FF1 /* Cells */ = {
			isa = PBXGroup;
			children = (
				038FA6EA29522D510027FF34 /* LatestDealCell */,
				3F18C23729437B7A00047FF1 /* DescriptionTableViewCell */,
				3F18C23129423D8600047FF1 /* NftImageCell */,
			);
			name = Cells;
			sourceTree = "<group>";
		};
		3F18C23129423D8600047FF1 /* NftImageCell */ = {
			isa = PBXGroup;
			children = (
				3F18C23229423EDF00047FF1 /* Screen */,
				3F18C23329423F1800047FF1 /* NftImageCell.swift */,
			);
			name = NftImageCell;
			sourceTree = "<group>";
		};
		3F18C23229423EDF00047FF1 /* Screen */ = {
			isa = PBXGroup;
			children = (
				3F18C23529423F5500047FF1 /* NftImageCellScreen.swift */,
			);
			name = Screen;
			sourceTree = "<group>";
		};
		3F18C23729437B7A00047FF1 /* DescriptionTableViewCell */ = {
			isa = PBXGroup;
			children = (
				3F18C23829437BCD00047FF1 /* Screen */,
				3F18C23B2944497B00047FF1 /* DescriptionTableViewCell.swift */,
			);
			name = DescriptionTableViewCell;
			sourceTree = "<group>";
		};
		3F18C23829437BCD00047FF1 /* Screen */ = {
			isa = PBXGroup;
			children = (
				3F18C23929437C2D00047FF1 /* DescriptionCellScreen.swift */,
			);
			name = Screen;
			sourceTree = "<group>";
		};
		3F18C23D2945073100047FF1 /* LatestDealsTableViewCel */ = {
			isa = PBXGroup;
			children = (
				3F18C23E294507F700047FF1 /* Screen */,
				0311F94C2951D848000A30C5 /* LatestDealTableViewCell.swift */,
			);
			name = LatestDealsTableViewCel;
			sourceTree = "<group>";
		};
		3F18C23E294507F700047FF1 /* Screen */ = {
			isa = PBXGroup;
			children = (
				3F18C23F2945084500047FF1 /* LatestDealsScreen.swift */,
			);
			name = Screen;
			sourceTree = "<group>";
		};
		3F3ACD08294E599100DDE405 /* MagnifyingGlassVC */ = {
			isa = PBXGroup;
			children = (
				3F3ACD09294E5A2400DDE405 /* Screen */,
				3F3ACD0D294E5CAA00DDE405 /* MagnifyingGlassVC.swift */,
			);
			name = MagnifyingGlassVC;
			sourceTree = "<group>";
		};
		3F3ACD09294E5A2400DDE405 /* Screen */ = {
			isa = PBXGroup;
			children = (
				3F3ACD0A294E5A4D00DDE405 /* MagnifyingGlassScreen.swift */,
			);
			name = Screen;
			sourceTree = "<group>";
		};
		B2BF8648247392BAC385C1F4 /* Pods */ = {
			isa = PBXGroup;
			children = (
				D978E33D6189D8D932ED539F /* Pods-AppBackFront.debug.xcconfig */,
				955D46207F36A7BF3BF11B9D /* Pods-AppBackFront.release.xcconfig */,
			);
			path = Pods;
			sourceTree = "<group>";
		};
		F5C8BBB44F20683C923D1BDC /* Frameworks */ = {
			isa = PBXGroup;
			children = (
				196F39053075F899B44F93C6 /* Pods_AppBackFront.framework */,
			);
			name = Frameworks;
			sourceTree = "<group>";
		};
/* End PBXGroup section */

/* Begin PBXNativeTarget section */
		343B9D9828D3A07C00956373 /* AppBackFront */ = {
			isa = PBXNativeTarget;
			buildConfigurationList = 343B9DAD28D3A07E00956373 /* Build configuration list for PBXNativeTarget "AppBackFront" */;
			buildPhases = (
				3186392880B2B85773F3C51F /* [CP] Check Pods Manifest.lock */,
				343B9D9528D3A07C00956373 /* Sources */,
				343B9D9628D3A07C00956373 /* Frameworks */,
				343B9D9728D3A07C00956373 /* Resources */,
				F4DE8AE7FA29C0209F97242D /* [CP] Embed Pods Frameworks */,
			);
			buildRules = (
			);
			dependencies = (
			);
			name = AppBackFront;
			productName = AppBackFront;
			productReference = 343B9D9928D3A07C00956373 /* AppBackFront.app */;
			productType = "com.apple.product-type.application";
		};
/* End PBXNativeTarget section */

/* Begin PBXProject section */
		343B9D9128D3A07C00956373 /* Project object */ = {
			isa = PBXProject;
			attributes = {
				BuildIndependentTargetsInParallel = 1;
				LastSwiftUpdateCheck = 1400;
				LastUpgradeCheck = 1400;
				TargetAttributes = {
					343B9D9828D3A07C00956373 = {
						CreatedOnToolsVersion = 14.0;
					};
				};
			};
			buildConfigurationList = 343B9D9428D3A07C00956373 /* Build configuration list for PBXProject "AppBackFront" */;
			compatibilityVersion = "Xcode 14.0";
			developmentRegion = en;
			hasScannedForEncodings = 0;
			knownRegions = (
				en,
				Base,
			);
			mainGroup = 343B9D9028D3A07C00956373;
			productRefGroup = 343B9D9A28D3A07C00956373 /* Products */;
			projectDirPath = "";
			projectRoot = "";
			targets = (
				343B9D9828D3A07C00956373 /* AppBackFront */,
			);
		};
/* End PBXProject section */

/* Begin PBXResourcesBuildPhase section */
		343B9D9728D3A07C00956373 /* Resources */ = {
			isa = PBXResourcesBuildPhase;
			buildActionMask = 2147483647;
			files = (
				033F714B294124C400FAC046 /* homeData.json in Resources */,
				343B9DA928D3A07E00956373 /* LaunchScreen.storyboard in Resources */,
				3F18C1C6293BD4FA00047FF1 /* GoogleService-Info.plist in Resources */,
				033F7156294124C400FAC046 /* Assets.xcassets in Resources */,
				038FA6F2295351470027FF34 /* walletData.json in Resources */,
			);
			runOnlyForDeploymentPostprocessing = 0;
		};
/* End PBXResourcesBuildPhase section */

/* Begin PBXShellScriptBuildPhase section */
		3186392880B2B85773F3C51F /* [CP] Check Pods Manifest.lock */ = {
			isa = PBXShellScriptBuildPhase;
			buildActionMask = 2147483647;
			files = (
			);
			inputFileListPaths = (
			);
			inputPaths = (
				"${PODS_PODFILE_DIR_PATH}/Podfile.lock",
				"${PODS_ROOT}/Manifest.lock",
			);
			name = "[CP] Check Pods Manifest.lock";
			outputFileListPaths = (
			);
			outputPaths = (
				"$(DERIVED_FILE_DIR)/Pods-AppBackFront-checkManifestLockResult.txt",
			);
			runOnlyForDeploymentPostprocessing = 0;
			shellPath = /bin/sh;
			shellScript = "diff \"${PODS_PODFILE_DIR_PATH}/Podfile.lock\" \"${PODS_ROOT}/Manifest.lock\" > /dev/null\nif [ $? != 0 ] ; then\n    # print error to STDERR\n    echo \"error: The sandbox is not in sync with the Podfile.lock. Run 'pod install' or update your CocoaPods installation.\" >&2\n    exit 1\nfi\n# This output is used by Xcode 'outputs' to avoid re-running this script phase.\necho \"SUCCESS\" > \"${SCRIPT_OUTPUT_FILE_0}\"\n";
			showEnvVarsInLog = 0;
		};
		F4DE8AE7FA29C0209F97242D /* [CP] Embed Pods Frameworks */ = {
			isa = PBXShellScriptBuildPhase;
			buildActionMask = 2147483647;
			files = (
			);
			inputFileListPaths = (
				"${PODS_ROOT}/Target Support Files/Pods-AppBackFront/Pods-AppBackFront-frameworks-${CONFIGURATION}-input-files.xcfilelist",
			);
			name = "[CP] Embed Pods Frameworks";
			outputFileListPaths = (
				"${PODS_ROOT}/Target Support Files/Pods-AppBackFront/Pods-AppBackFront-frameworks-${CONFIGURATION}-output-files.xcfilelist",
			);
			runOnlyForDeploymentPostprocessing = 0;
			shellPath = /bin/sh;
			shellScript = "\"${PODS_ROOT}/Target Support Files/Pods-AppBackFront/Pods-AppBackFront-frameworks.sh\"\n";
			showEnvVarsInLog = 0;
		};
/* End PBXShellScriptBuildPhase section */

/* Begin PBXSourcesBuildPhase section */
		343B9D9528D3A07C00956373 /* Sources */ = {
			isa = PBXSourcesBuildPhase;
			buildActionMask = 2147483647;
			files = (
				033F7125294124A900FAC046 /* AddNewNFTVC.swift in Sources */,
				343B9DA128D3A07C00956373 /* LoginVC.swift in Sources */,
				038FA6F0295350650027FF34 /* WalletService.swift in Sources */,
				038FA70A29539D4F0027FF34 /* ListOfTransactionsTableViewCellScreen.swift in Sources */,
				033F7153294124C400FAC046 /* HomeTableViewCellScreen.swift in Sources */,
				3F3ACD0B294E5A4D00DDE405 /* MagnifyingGlassScreen.swift in Sources */,
				0311F9512951E4A9000A30C5 /* UIViewController+Extension.swift in Sources */,
				038FA6EE29534F3C0027FF34 /* WalletData.swift in Sources */,
				038FA70829539AE00027FF34 /* LatestTransactionsTableViewCellScreen.swift in Sources */,
				343B9DB128D3A48A00956373 /* LoginScreen.swift in Sources */,
				3F18C23429423F1800047FF1 /* NftImageCell.swift in Sources */,
				033F7154294124C400FAC046 /* WalletVC.swift in Sources */,
				0311F9552951F838000A30C5 /* UIView+Extension.swift in Sources */,
				033F7150294124C400FAC046 /* HomeCollectionViewCell.swift in Sources */,
				3F18C22E2942215000047FF1 /* NftDetailsScreen.swift in Sources */,
				3F18C22B2942213200047FF1 /* NftDetailsViewModel.swift in Sources */,
				0311F9572951F87D000A30C5 /* CACornerMask+Extension.swift in Sources */,
				038FA70429539A7F0027FF34 /* LatestTransactionsTableViewCell.swift in Sources */,
				038FA6F4295351F70027FF34 /* WalletViewModel.swift in Sources */,
				038FA6FD29536F090027FF34 /* QuotationEthTableViewCell.swift in Sources */,
				038FA6FB29536E470027FF34 /* QuotationEthTableViewCellScreen.swift in Sources */,
				3F18C2282942210100047FF1 /* NftDetailsVC.swift in Sources */,
				033F7152294124C400FAC046 /* HomeTableViewCell.swift in Sources */,
				033F715A294124C400FAC046 /* HomeVC.swift in Sources */,
				3F3ACD0E294E5CAA00DDE405 /* MagnifyingGlassVC.swift in Sources */,
				033F7151294124C400FAC046 /* HomeCollectionViewCellScreen.swift in Sources */,
				343B9D9D28D3A07C00956373 /* AppDelegate.swift in Sources */,
				033F7155294124C400FAC046 /* ProfileVC.swift in Sources */,
				3F18C1C9293CD72B00047FF1 /* Alert.swift in Sources */,
				3F18C23629423F5500047FF1 /* NftImageCellScreen.swift in Sources */,
				0311F94F2951D862000A30C5 /* ListOfOffersTableViewCellScreen.swift in Sources */,
				033F7158294124C400FAC046 /* HomeService.swift in Sources */,
				0311F94B2951D83D000A30C5 /* ListOfOffersTableViewCell.swift in Sources */,
				033F715D294124C400FAC046 /* String+Extension.swift in Sources */,
				033F7159294124C400FAC046 /* HomeViewModel.swift in Sources */,
				3F18C23C2944497B00047FF1 /* DescriptionTableViewCell.swift in Sources */,
				3F18C23A29437C2D00047FF1 /* DescriptionCellScreen.swift in Sources */,
				343B9D9F28D3A07C00956373 /* SceneDelegate.swift in Sources */,
				033F714F294124C400FAC046 /* TabBarVC.swift in Sources */,
				038FA70629539AA10027FF34 /* ListOfTransactionsTableViewCell.swift in Sources */,
				3F18C2402945084500047FF1 /* LatestDealsScreen.swift in Sources */,
				033F715B294124C400FAC046 /* HomeScreen.swift in Sources */,
				033F7157294124C400FAC046 /* GenericService.swift in Sources */,
				0311F94D2951D848000A30C5 /* LatestDealTableViewCell.swift in Sources */,
				038FA6F6295359E40027FF34 /* WalletScreen.swift in Sources */,
				033F714D294124C400FAC046 /* NFTHomeData.swift in Sources */,
			);
			runOnlyForDeploymentPostprocessing = 0;
		};
/* End PBXSourcesBuildPhase section */

/* Begin PBXVariantGroup section */
		343B9DA728D3A07E00956373 /* LaunchScreen.storyboard */ = {
			isa = PBXVariantGroup;
			children = (
				343B9DA828D3A07E00956373 /* Base */,
			);
			name = LaunchScreen.storyboard;
			sourceTree = "<group>";
		};
/* End PBXVariantGroup section */

/* Begin XCBuildConfiguration section */
		343B9DAB28D3A07E00956373 /* Debug */ = {
			isa = XCBuildConfiguration;
			buildSettings = {
				ALWAYS_SEARCH_USER_PATHS = NO;
				CLANG_ANALYZER_NONNULL = YES;
				CLANG_ANALYZER_NUMBER_OBJECT_CONVERSION = YES_AGGRESSIVE;
				CLANG_CXX_LANGUAGE_STANDARD = "gnu++20";
				CLANG_ENABLE_MODULES = YES;
				CLANG_ENABLE_OBJC_ARC = YES;
				CLANG_ENABLE_OBJC_WEAK = YES;
				CLANG_WARN_BLOCK_CAPTURE_AUTORELEASING = YES;
				CLANG_WARN_BOOL_CONVERSION = YES;
				CLANG_WARN_COMMA = YES;
				CLANG_WARN_CONSTANT_CONVERSION = YES;
				CLANG_WARN_DEPRECATED_OBJC_IMPLEMENTATIONS = YES;
				CLANG_WARN_DIRECT_OBJC_ISA_USAGE = YES_ERROR;
				CLANG_WARN_DOCUMENTATION_COMMENTS = YES;
				CLANG_WARN_EMPTY_BODY = YES;
				CLANG_WARN_ENUM_CONVERSION = YES;
				CLANG_WARN_INFINITE_RECURSION = YES;
				CLANG_WARN_INT_CONVERSION = YES;
				CLANG_WARN_NON_LITERAL_NULL_CONVERSION = YES;
				CLANG_WARN_OBJC_IMPLICIT_RETAIN_SELF = YES;
				CLANG_WARN_OBJC_LITERAL_CONVERSION = YES;
				CLANG_WARN_OBJC_ROOT_CLASS = YES_ERROR;
				CLANG_WARN_QUOTED_INCLUDE_IN_FRAMEWORK_HEADER = YES;
				CLANG_WARN_RANGE_LOOP_ANALYSIS = YES;
				CLANG_WARN_STRICT_PROTOTYPES = YES;
				CLANG_WARN_SUSPICIOUS_MOVE = YES;
				CLANG_WARN_UNGUARDED_AVAILABILITY = YES_AGGRESSIVE;
				CLANG_WARN_UNREACHABLE_CODE = YES;
				CLANG_WARN__DUPLICATE_METHOD_MATCH = YES;
				COPY_PHASE_STRIP = NO;
				DEBUG_INFORMATION_FORMAT = dwarf;
				ENABLE_STRICT_OBJC_MSGSEND = YES;
				ENABLE_TESTABILITY = YES;
				GCC_C_LANGUAGE_STANDARD = gnu11;
				GCC_DYNAMIC_NO_PIC = NO;
				GCC_NO_COMMON_BLOCKS = YES;
				GCC_OPTIMIZATION_LEVEL = 0;
				GCC_PREPROCESSOR_DEFINITIONS = (
					"DEBUG=1",
					"$(inherited)",
				);
				GCC_WARN_64_TO_32_BIT_CONVERSION = YES;
				GCC_WARN_ABOUT_RETURN_TYPE = YES_ERROR;
				GCC_WARN_UNDECLARED_SELECTOR = YES;
				GCC_WARN_UNINITIALIZED_AUTOS = YES_AGGRESSIVE;
				GCC_WARN_UNUSED_FUNCTION = YES;
				GCC_WARN_UNUSED_VARIABLE = YES;
				IPHONEOS_DEPLOYMENT_TARGET = 16.0;
				MTL_ENABLE_DEBUG_INFO = INCLUDE_SOURCE;
				MTL_FAST_MATH = YES;
				ONLY_ACTIVE_ARCH = YES;
				SDKROOT = iphoneos;
				SWIFT_ACTIVE_COMPILATION_CONDITIONS = DEBUG;
				SWIFT_OPTIMIZATION_LEVEL = "-Onone";
			};
			name = Debug;
		};
		343B9DAC28D3A07E00956373 /* Release */ = {
			isa = XCBuildConfiguration;
			buildSettings = {
				ALWAYS_SEARCH_USER_PATHS = NO;
				CLANG_ANALYZER_NONNULL = YES;
				CLANG_ANALYZER_NUMBER_OBJECT_CONVERSION = YES_AGGRESSIVE;
				CLANG_CXX_LANGUAGE_STANDARD = "gnu++20";
				CLANG_ENABLE_MODULES = YES;
				CLANG_ENABLE_OBJC_ARC = YES;
				CLANG_ENABLE_OBJC_WEAK = YES;
				CLANG_WARN_BLOCK_CAPTURE_AUTORELEASING = YES;
				CLANG_WARN_BOOL_CONVERSION = YES;
				CLANG_WARN_COMMA = YES;
				CLANG_WARN_CONSTANT_CONVERSION = YES;
				CLANG_WARN_DEPRECATED_OBJC_IMPLEMENTATIONS = YES;
				CLANG_WARN_DIRECT_OBJC_ISA_USAGE = YES_ERROR;
				CLANG_WARN_DOCUMENTATION_COMMENTS = YES;
				CLANG_WARN_EMPTY_BODY = YES;
				CLANG_WARN_ENUM_CONVERSION = YES;
				CLANG_WARN_INFINITE_RECURSION = YES;
				CLANG_WARN_INT_CONVERSION = YES;
				CLANG_WARN_NON_LITERAL_NULL_CONVERSION = YES;
				CLANG_WARN_OBJC_IMPLICIT_RETAIN_SELF = YES;
				CLANG_WARN_OBJC_LITERAL_CONVERSION = YES;
				CLANG_WARN_OBJC_ROOT_CLASS = YES_ERROR;
				CLANG_WARN_QUOTED_INCLUDE_IN_FRAMEWORK_HEADER = YES;
				CLANG_WARN_RANGE_LOOP_ANALYSIS = YES;
				CLANG_WARN_STRICT_PROTOTYPES = YES;
				CLANG_WARN_SUSPICIOUS_MOVE = YES;
				CLANG_WARN_UNGUARDED_AVAILABILITY = YES_AGGRESSIVE;
				CLANG_WARN_UNREACHABLE_CODE = YES;
				CLANG_WARN__DUPLICATE_METHOD_MATCH = YES;
				COPY_PHASE_STRIP = NO;
				DEBUG_INFORMATION_FORMAT = "dwarf-with-dsym";
				ENABLE_NS_ASSERTIONS = NO;
				ENABLE_STRICT_OBJC_MSGSEND = YES;
				GCC_C_LANGUAGE_STANDARD = gnu11;
				GCC_NO_COMMON_BLOCKS = YES;
				GCC_WARN_64_TO_32_BIT_CONVERSION = YES;
				GCC_WARN_ABOUT_RETURN_TYPE = YES_ERROR;
				GCC_WARN_UNDECLARED_SELECTOR = YES;
				GCC_WARN_UNINITIALIZED_AUTOS = YES_AGGRESSIVE;
				GCC_WARN_UNUSED_FUNCTION = YES;
				GCC_WARN_UNUSED_VARIABLE = YES;
				IPHONEOS_DEPLOYMENT_TARGET = 16.0;
				MTL_ENABLE_DEBUG_INFO = NO;
				MTL_FAST_MATH = YES;
				SDKROOT = iphoneos;
				SWIFT_COMPILATION_MODE = wholemodule;
				SWIFT_OPTIMIZATION_LEVEL = "-O";
				VALIDATE_PRODUCT = YES;
			};
			name = Release;
		};
		343B9DAE28D3A07E00956373 /* Debug */ = {
			isa = XCBuildConfiguration;
			baseConfigurationReference = D978E33D6189D8D932ED539F /* Pods-AppBackFront.debug.xcconfig */;
			buildSettings = {
				ASSETCATALOG_COMPILER_APPICON_NAME = AppIcon;
				ASSETCATALOG_COMPILER_GLOBAL_ACCENT_COLOR_NAME = AccentColor;
				CODE_SIGN_STYLE = Automatic;
				CURRENT_PROJECT_VERSION = 1;
				GENERATE_INFOPLIST_FILE = YES;
				INFOPLIST_FILE = AppBackFront/Info.plist;
				INFOPLIST_KEY_UIApplicationSupportsIndirectInputEvents = YES;
				INFOPLIST_KEY_UILaunchStoryboardName = LaunchScreen;
				INFOPLIST_KEY_UIMainStoryboardFile = "";
				INFOPLIST_KEY_UISupportedInterfaceOrientations_iPad = "UIInterfaceOrientationPortrait UIInterfaceOrientationPortraitUpsideDown UIInterfaceOrientationLandscapeLeft UIInterfaceOrientationLandscapeRight";
				INFOPLIST_KEY_UISupportedInterfaceOrientations_iPhone = "UIInterfaceOrientationPortrait UIInterfaceOrientationLandscapeLeft UIInterfaceOrientationLandscapeRight";
				LD_RUNPATH_SEARCH_PATHS = (
					"$(inherited)",
					"@executable_path/Frameworks",
				);
				MARKETING_VERSION = 1.0;
				PRODUCT_BUNDLE_IDENTIFIER = backFront.AppBackFront;
				PRODUCT_NAME = "$(TARGET_NAME)";
				SUPPORTED_PLATFORMS = "iphoneos iphonesimulator";
				SUPPORTS_MACCATALYST = NO;
				SUPPORTS_MAC_DESIGNED_FOR_IPHONE_IPAD = NO;
				SWIFT_EMIT_LOC_STRINGS = YES;
				SWIFT_VERSION = 5.0;
				TARGETED_DEVICE_FAMILY = 1;
			};
			name = Debug;
		};
		343B9DAF28D3A07E00956373 /* Release */ = {
			isa = XCBuildConfiguration;
			baseConfigurationReference = 955D46207F36A7BF3BF11B9D /* Pods-AppBackFront.release.xcconfig */;
			buildSettings = {
				ASSETCATALOG_COMPILER_APPICON_NAME = AppIcon;
				ASSETCATALOG_COMPILER_GLOBAL_ACCENT_COLOR_NAME = AccentColor;
				CODE_SIGN_STYLE = Automatic;
				CURRENT_PROJECT_VERSION = 1;
				GENERATE_INFOPLIST_FILE = YES;
				INFOPLIST_FILE = AppBackFront/Info.plist;
				INFOPLIST_KEY_UIApplicationSupportsIndirectInputEvents = YES;
				INFOPLIST_KEY_UILaunchStoryboardName = LaunchScreen;
				INFOPLIST_KEY_UIMainStoryboardFile = "";
				INFOPLIST_KEY_UISupportedInterfaceOrientations_iPad = "UIInterfaceOrientationPortrait UIInterfaceOrientationPortraitUpsideDown UIInterfaceOrientationLandscapeLeft UIInterfaceOrientationLandscapeRight";
				INFOPLIST_KEY_UISupportedInterfaceOrientations_iPhone = "UIInterfaceOrientationPortrait UIInterfaceOrientationLandscapeLeft UIInterfaceOrientationLandscapeRight";
				LD_RUNPATH_SEARCH_PATHS = (
					"$(inherited)",
					"@executable_path/Frameworks",
				);
				MARKETING_VERSION = 1.0;
				PRODUCT_BUNDLE_IDENTIFIER = backFront.AppBackFront;
				PRODUCT_NAME = "$(TARGET_NAME)";
				SUPPORTED_PLATFORMS = "iphoneos iphonesimulator";
				SUPPORTS_MACCATALYST = NO;
				SUPPORTS_MAC_DESIGNED_FOR_IPHONE_IPAD = NO;
				SWIFT_EMIT_LOC_STRINGS = YES;
				SWIFT_VERSION = 5.0;
				TARGETED_DEVICE_FAMILY = 1;
			};
			name = Release;
		};
/* End XCBuildConfiguration section */

/* Begin XCConfigurationList section */
		343B9D9428D3A07C00956373 /* Build configuration list for PBXProject "AppBackFront" */ = {
			isa = XCConfigurationList;
			buildConfigurations = (
				343B9DAB28D3A07E00956373 /* Debug */,
				343B9DAC28D3A07E00956373 /* Release */,
			);
			defaultConfigurationIsVisible = 0;
			defaultConfigurationName = Release;
		};
		343B9DAD28D3A07E00956373 /* Build configuration list for PBXNativeTarget "AppBackFront" */ = {
			isa = XCConfigurationList;
			buildConfigurations = (
				343B9DAE28D3A07E00956373 /* Debug */,
				343B9DAF28D3A07E00956373 /* Release */,
			);
			defaultConfigurationIsVisible = 0;
			defaultConfigurationName = Release;
		};
/* End XCConfigurationList section */
	};
	rootObject = 343B9D9128D3A07C00956373 /* Project object */;
}
